
Microsoft Visual Studio Solution File, Format Version 12.00
# Visual Studio 14
VisualStudioVersion = 14.0.25123.0
MinimumVisualStudioVersion = 10.0.40219.1
Project("{FAE04EC0-301F-11D3-BF4B-00C04F79EFBC}") = "ElevenNote", "ElevenNote\ElevenNote.csproj", "{C0416FBF-984D-4B42-8289-2CD812825F34}"
EndProject
Project("{FAE04EC0-301F-11D3-BF4B-00C04F79EFBC}") = "ElevenNote.Data", "ElevenNote.Data\ElevenNote.Data.csproj", "{77853FE9-CC35-49FC-A1A2-0CD45D4462F5}"
EndProject
Project("{FAE04EC0-301F-11D3-BF4B-00C04F79EFBC}") = "ElevenNote.Services", "ElevenNote.Services\ElevenNote.Services.csproj", "{EE5641E4-1F44-4E52-8035-F1C67C21864C}"
EndProject
Project("{FAE04EC0-301F-11D3-BF4B-00C04F79EFBC}") = "ElevenNote.Models", "ElevenNote.Models\ElevenNote.Models.csproj", "{C01C3F5A-FEDE-499D-BB8B-1E1E9F4AC985}"
EndProject
Global
	GlobalSection(SolutionConfigurationPlatforms) = preSolution
		Debug|Any CPU = Debug|Any CPU
		Release|Any CPU = Release|Any CPU
	EndGlobalSection
	GlobalSection(ProjectConfigurationPlatforms) = postSolution
		{C0416FBF-984D-4B42-8289-2CD812825F34}.Debug|Any CPU.ActiveCfg = Debug|Any CPU
		{C0416FBF-984D-4B42-8289-2CD812825F34}.Debug|Any CPU.Build.0 = Debug|Any CPU
		{C0416FBF-984D-4B42-8289-2CD812825F34}.Release|Any CPU.ActiveCfg = Release|Any CPU
		{C0416FBF-984D-4B42-8289-2CD812825F34}.Release|Any CPU.Build.0 = Release|Any CPU
		{77853FE9-CC35-49FC-A1A2-0CD45D4462F5}.Debug|Any CPU.ActiveCfg = Debug|Any CPU
		{77853FE9-CC35-49FC-A1A2-0CD45D4462F5}.Debug|Any CPU.Build.0 = Debug|Any CPU
		{77853FE9-CC35-49FC-A1A2-0CD45D4462F5}.Release|Any CPU.ActiveCfg = Release|Any CPU
		{77853FE9-CC35-49FC-A1A2-0CD45D4462F5}.Release|Any CPU.Build.0 = Release|Any CPU
		{EE5641E4-1F44-4E52-8035-F1C67C21864C}.Debug|Any CPU.ActiveCfg = Debug|Any CPU
		{EE5641E4-1F44-4E52-8035-F1C67C21864C}.Debug|Any CPU.Build.0 = Debug|Any CPU
		{EE5641E4-1F44-4E52-8035-F1C67C21864C}.Release|Any CPU.ActiveCfg = Release|Any CPU
		{EE5641E4-1F44-4E52-8035-F1C67C21864C}.Release|Any CPU.Build.0 = Release|Any CPU
		{C01C3F5A-FEDE-499D-BB8B-1E1E9F4AC985}.Debug|Any CPU.ActiveCfg = Debug|Any CPU
		{C01C3F5A-FEDE-499D-BB8B-1E1E9F4AC985}.Debug|Any CPU.Build.0 = Debug|Any CPU
		{C01C3F5A-FEDE-499D-BB8B-1E1E9F4AC985}.Release|Any CPU.ActiveCfg = Release|Any CPU
		{C01C3F5A-FEDE-499D-BB8B-1E1E9F4AC985}.Release|Any CPU.Build.0 = Release|Any CPU
	EndGlobalSection
	GlobalSection(SolutionProperties) = preSolution
		HideSolutionNode = FALSE
	EndGlobalSection
EndGlobal
